// !$*UTF8*$!
{
	archiveVersion = 1;
	classes = {
	};
	objectVersion = 55;
	objects = {

/* Begin PBXBuildFile section */
		A235AEA6278582DF00784A63 /* NoteItem.swift in Sources */ = {isa = PBXBuildFile; fileRef = A235AEA5278582DF00784A63 /* NoteItem.swift */; };
		A23A10CD276C9EE1009D6177 /* Note.swift in Sources */ = {isa = PBXBuildFile; fileRef = A23A10CC276C9EE1009D6177 /* Note.swift */; };
		A23A10CF276CA6E6009D6177 /* customTableViewCell.swift in Sources */ = {isa = PBXBuildFile; fileRef = A23A10CE276CA6E6009D6177 /* customTableViewCell.swift */; };
		A23A10D3276CAC04009D6177 /* NoteManager.swift in Sources */ = {isa = PBXBuildFile; fileRef = A23A10D2276CAC04009D6177 /* NoteManager.swift */; };
		A27347ED276B4FC10043E794 /* HomeViewController.swift in Sources */ = {isa = PBXBuildFile; fileRef = A27347EC276B4FC10043E794 /* HomeViewController.swift */; };
		A27347EF276B50580043E794 /* AddNoteViewController.swift in Sources */ = {isa = PBXBuildFile; fileRef = A27347EE276B50580043E794 /* AddNoteViewController.swift */; };
		A298CA3127732F6E007F3713 /* NoteTableViewCell.swift in Sources */ = {isa = PBXBuildFile; fileRef = A298CA2F27732F6E007F3713 /* NoteTableViewCell.swift */; };
		A298CA3227732F6E007F3713 /* NoteTableViewCell.xib in Resources */ = {isa = PBXBuildFile; fileRef = A298CA3027732F6E007F3713 /* NoteTableViewCell.xib */; };
		A2E8E2BC2769BFF2000CEDAF /* AppDelegate.swift in Sources */ = {isa = PBXBuildFile; fileRef = A2E8E2BB2769BFF2000CEDAF /* AppDelegate.swift */; };
		A2E8E2BE2769BFF2000CEDAF /* SceneDelegate.swift in Sources */ = {isa = PBXBuildFile; fileRef = A2E8E2BD2769BFF2000CEDAF /* SceneDelegate.swift */; };
		A2E8E2C32769BFF2000CEDAF /* Main.storyboard in Resources */ = {isa = PBXBuildFile; fileRef = A2E8E2C12769BFF2000CEDAF /* Main.storyboard */; };
		A2E8E2C52769BFF3000CEDAF /* Assets.xcassets in Resources */ = {isa = PBXBuildFile; fileRef = A2E8E2C42769BFF3000CEDAF /* Assets.xcassets */; };
		A2E8E2C82769BFF3000CEDAF /* LaunchScreen.storyboard in Resources */ = {isa = PBXBuildFile; fileRef = A2E8E2C62769BFF3000CEDAF /* LaunchScreen.storyboard */; };
		A2E8E2D32769BFF3000CEDAF /* NotesTests.swift in Sources */ = {isa = PBXBuildFile; fileRef = A2E8E2D22769BFF3000CEDAF /* NotesTests.swift */; };
		A2E8E2DD2769BFF3000CEDAF /* NotesUITests.swift in Sources */ = {isa = PBXBuildFile; fileRef = A2E8E2DC2769BFF3000CEDAF /* NotesUITests.swift */; };
		A2E8E2DF2769BFF3000CEDAF /* NotesUITestsLaunchTests.swift in Sources */ = {isa = PBXBuildFile; fileRef = A2E8E2DE2769BFF3000CEDAF /* NotesUITestsLaunchTests.swift */; };
		A2E8E2EC2769DB2C000CEDAF /* InputViewController.xib in Resources */ = {isa = PBXBuildFile; fileRef = A2E8E2EB2769DB2C000CEDAF /* InputViewController.xib */; };
/* End PBXBuildFile section */

/* Begin PBXContainerItemProxy section */
		A2E8E2CF2769BFF3000CEDAF /* PBXContainerItemProxy */ = {
			isa = PBXContainerItemProxy;
			containerPortal = A2E8E2B02769BFF2000CEDAF /* Project object */;
			proxyType = 1;
			remoteGlobalIDString = A2E8E2B72769BFF2000CEDAF;
			remoteInfo = Notes;
		};
		A2E8E2D92769BFF3000CEDAF /* PBXContainerItemProxy */ = {
			isa = PBXContainerItemProxy;
			containerPortal = A2E8E2B02769BFF2000CEDAF /* Project object */;
			proxyType = 1;
			remoteGlobalIDString = A2E8E2B72769BFF2000CEDAF;
			remoteInfo = Notes;
		};
/* End PBXContainerItemProxy section */

/* Begin PBXFileReference section */
		A235AEA5278582DF00784A63 /* NoteItem.swift */ = {isa = PBXFileReference; lastKnownFileType = sourcecode.swift; path = NoteItem.swift; sourceTree = "<group>"; };
		A23A10CC276C9EE1009D6177 /* Note.swift */ = {isa = PBXFileReference; lastKnownFileType = sourcecode.swift; path = Note.swift; sourceTree = "<group>"; };
		A23A10CE276CA6E6009D6177 /* customTableViewCell.swift */ = {isa = PBXFileReference; lastKnownFileType = sourcecode.swift; path = customTableViewCell.swift; sourceTree = "<group>"; };
		A23A10D2276CAC04009D6177 /* NoteManager.swift */ = {isa = PBXFileReference; lastKnownFileType = sourcecode.swift; path = NoteManager.swift; sourceTree = "<group>"; };
		A27347EC276B4FC10043E794 /* HomeViewController.swift */ = {isa = PBXFileReference; lastKnownFileType = sourcecode.swift; path = HomeViewController.swift; sourceTree = "<group>"; };
		A27347EE276B50580043E794 /* AddNoteViewController.swift */ = {isa = PBXFileReference; lastKnownFileType = sourcecode.swift; path = AddNoteViewController.swift; sourceTree = "<group>"; };
		A298CA2F27732F6E007F3713 /* NoteTableViewCell.swift */ = {isa = PBXFileReference; lastKnownFileType = sourcecode.swift; path = NoteTableViewCell.swift; sourceTree = "<group>"; };
		A298CA3027732F6E007F3713 /* NoteTableViewCell.xib */ = {isa = PBXFileReference; lastKnownFileType = file.xib; path = NoteTableViewCell.xib; sourceTree = "<group>"; };
		A2E8E2B82769BFF2000CEDAF /* Notes.app */ = {isa = PBXFileReference; explicitFileType = wrapper.application; includeInIndex = 0; path = Notes.app; sourceTree = BUILT_PRODUCTS_DIR; };
		A2E8E2BB2769BFF2000CEDAF /* AppDelegate.swift */ = {isa = PBXFileReference; lastKnownFileType = sourcecode.swift; path = AppDelegate.swift; sourceTree = "<group>"; };
		A2E8E2BD2769BFF2000CEDAF /* SceneDelegate.swift */ = {isa = PBXFileReference; lastKnownFileType = sourcecode.swift; path = SceneDelegate.swift; sourceTree = "<group>"; };
		A2E8E2C22769BFF2000CEDAF /* Base */ = {isa = PBXFileReference; lastKnownFileType = file.storyboard; name = Base; path = Base.lproj/Main.storyboard; sourceTree = "<group>"; };
		A2E8E2C42769BFF3000CEDAF /* Assets.xcassets */ = {isa = PBXFileReference; lastKnownFileType = folder.assetcatalog; path = Assets.xcassets; sourceTree = "<group>"; };
		A2E8E2C72769BFF3000CEDAF /* Base */ = {isa = PBXFileReference; lastKnownFileType = file.storyboard; name = Base; path = Base.lproj/LaunchScreen.storyboard; sourceTree = "<group>"; };
		A2E8E2C92769BFF3000CEDAF /* Info.plist */ = {isa = PBXFileReference; lastKnownFileType = text.plist.xml; path = Info.plist; sourceTree = "<group>"; };
		A2E8E2CE2769BFF3000CEDAF /* NotesTests.xctest */ = {isa = PBXFileReference; explicitFileType = wrapper.cfbundle; includeInIndex = 0; path = NotesTests.xctest; sourceTree = BUILT_PRODUCTS_DIR; };
		A2E8E2D22769BFF3000CEDAF /* NotesTests.swift */ = {isa = PBXFileReference; lastKnownFileType = sourcecode.swift; path = NotesTests.swift; sourceTree = "<group>"; };
		A2E8E2D82769BFF3000CEDAF /* NotesUITests.xctest */ = {isa = PBXFileReference; explicitFileType = wrapper.cfbundle; includeInIndex = 0; path = NotesUITests.xctest; sourceTree = BUILT_PRODUCTS_DIR; };
		A2E8E2DC2769BFF3000CEDAF /* NotesUITests.swift */ = {isa = PBXFileReference; lastKnownFileType = sourcecode.swift; path = NotesUITests.swift; sourceTree = "<group>"; };
		A2E8E2DE2769BFF3000CEDAF /* NotesUITestsLaunchTests.swift */ = {isa = PBXFileReference; lastKnownFileType = sourcecode.swift; path = NotesUITestsLaunchTests.swift; sourceTree = "<group>"; };
		A2E8E2EB2769DB2C000CEDAF /* InputViewController.xib */ = {isa = PBXFileReference; lastKnownFileType = file.xib; path = InputViewController.xib; sourceTree = "<group>"; };
/* End PBXFileReference section */

/* Begin PBXFrameworksBuildPhase section */
		A2E8E2B52769BFF2000CEDAF /* Frameworks */ = {
			isa = PBXFrameworksBuildPhase;
			buildActionMask = 2147483647;
			files = (
			);
			runOnlyForDeploymentPostprocessing = 0;
		};
		A2E8E2CB2769BFF3000CEDAF /* Frameworks */ = {
			isa = PBXFrameworksBuildPhase;
			buildActionMask = 2147483647;
			files = (
			);
			runOnlyForDeploymentPostprocessing = 0;
		};
		A2E8E2D52769BFF3000CEDAF /* Frameworks */ = {
			isa = PBXFrameworksBuildPhase;
			buildActionMask = 2147483647;
			files = (
			);
			runOnlyForDeploymentPostprocessing = 0;
		};
/* End PBXFrameworksBuildPhase section */

/* Begin PBXGroup section */
		A298CA2D27732A9D007F3713 /* Controller */ = {
			isa = PBXGroup;
			children = (
				A23A10D2276CAC04009D6177 /* NoteManager.swift */,
				A27347EE276B50580043E794 /* AddNoteViewController.swift */,
				A27347EC276B4FC10043E794 /* HomeViewController.swift */,
			);
			path = Controller;
			sourceTree = "<group>";
		};
		A298CA2E27732AEB007F3713 /* View */ = {
			isa = PBXGroup;
			children = (
				A2E8E2C62769BFF3000CEDAF /* LaunchScreen.storyboard */,
				A2E8E2C12769BFF2000CEDAF /* Main.storyboard */,
				A2E8E2EB2769DB2C000CEDAF /* InputViewController.xib */,
			);
			path = View;
			sourceTree = "<group>";
		};
		A298CA33277342C1007F3713 /* Model */ = {
			isa = PBXGroup;
			children = (
				A23A10CC276C9EE1009D6177 /* Note.swift */,
				A235AEA5278582DF00784A63 /* NoteItem.swift */,
			);
			name = Model;
			sourceTree = "<group>";
		};
		A2E8E2AF2769BFF2000CEDAF = {
			isa = PBXGroup;
			children = (
				A2E8E2BA2769BFF2000CEDAF /* Notes */,
				A2E8E2D12769BFF3000CEDAF /* NotesTests */,
				A2E8E2DB2769BFF3000CEDAF /* NotesUITests */,
				A2E8E2B92769BFF2000CEDAF /* Products */,
			);
			sourceTree = "<group>";
		};
		A2E8E2B92769BFF2000CEDAF /* Products */ = {
			isa = PBXGroup;
			children = (
				A2E8E2B82769BFF2000CEDAF /* Notes.app */,
				A2E8E2CE2769BFF3000CEDAF /* NotesTests.xctest */,
				A2E8E2D82769BFF3000CEDAF /* NotesUITests.xctest */,
			);
			name = Products;
			sourceTree = "<group>";
		};
		A2E8E2BA2769BFF2000CEDAF /* Notes */ = {
			isa = PBXGroup;
			children = (
				A298CA33277342C1007F3713 /* Model */,
				A298CA2E27732AEB007F3713 /* View */,
				A298CA2D27732A9D007F3713 /* Controller */,
				A2E8E2BB2769BFF2000CEDAF /* AppDelegate.swift */,
				A2E8E2BD2769BFF2000CEDAF /* SceneDelegate.swift */,
				A2E8E2C42769BFF3000CEDAF /* Assets.xcassets */,
				A2E8E2C92769BFF3000CEDAF /* Info.plist */,
				A298CA2F27732F6E007F3713 /* NoteTableViewCell.swift */,
				A23A10CE276CA6E6009D6177 /* customTableViewCell.swift */,
				A298CA3027732F6E007F3713 /* NoteTableViewCell.xib */,
			);
			path = Notes;
			sourceTree = "<group>";
		};
		A2E8E2D12769BFF3000CEDAF /* NotesTests */ = {
			isa = PBXGroup;
			children = (
				A2E8E2D22769BFF3000CEDAF /* NotesTests.swift */,
			);
			path = NotesTests;
			sourceTree = "<group>";
		};
		A2E8E2DB2769BFF3000CEDAF /* NotesUITests */ = {
			isa = PBXGroup;
			children = (
				A2E8E2DC2769BFF3000CEDAF /* NotesUITests.swift */,
				A2E8E2DE2769BFF3000CEDAF /* NotesUITestsLaunchTests.swift */,
			);
			path = NotesUITests;
			sourceTree = "<group>";
		};
/* End PBXGroup section */

/* Begin PBXNativeTarget section */
		A2E8E2B72769BFF2000CEDAF /* Notes */ = {
			isa = PBXNativeTarget;
			buildConfigurationList = A2E8E2E22769BFF3000CEDAF /* Build configuration list for PBXNativeTarget "Notes" */;
			buildPhases = (
				A2E8E2B42769BFF2000CEDAF /* Sources */,
				A2E8E2B52769BFF2000CEDAF /* Frameworks */,
				A2E8E2B62769BFF2000CEDAF /* Resources */,
			);
			buildRules = (
			);
			dependencies = (
			);
			name = Notes;
			productName = Notes;
			productReference = A2E8E2B82769BFF2000CEDAF /* Notes.app */;
			productType = "com.apple.product-type.application";
		};
		A2E8E2CD2769BFF3000CEDAF /* NotesTests */ = {
			isa = PBXNativeTarget;
			buildConfigurationList = A2E8E2E52769BFF3000CEDAF /* Build configuration list for PBXNativeTarget "NotesTests" */;
			buildPhases = (
				A2E8E2CA2769BFF3000CEDAF /* Sources */,
				A2E8E2CB2769BFF3000CEDAF /* Frameworks */,
				A2E8E2CC2769BFF3000CEDAF /* Resources */,
			);
			buildRules = (
			);
			dependencies = (
				A2E8E2D02769BFF3000CEDAF /* PBXTargetDependency */,
			);
			name = NotesTests;
			productName = NotesTests;
			productReference = A2E8E2CE2769BFF3000CEDAF /* NotesTests.xctest */;
			productType = "com.apple.product-type.bundle.unit-test";
		};
		A2E8E2D72769BFF3000CEDAF /* NotesUITests */ = {
			isa = PBXNativeTarget;
			buildConfigurationList = A2E8E2E82769BFF3000CEDAF /* Build configuration list for PBXNativeTarget "NotesUITests" */;
			buildPhases = (
				A2E8E2D42769BFF3000CEDAF /* Sources */,
				A2E8E2D52769BFF3000CEDAF /* Frameworks */,
				A2E8E2D62769BFF3000CEDAF /* Resources */,
			);
			buildRules = (
			);
			dependencies = (
				A2E8E2DA2769BFF3000CEDAF /* PBXTargetDependency */,
			);
			name = NotesUITests;
			productName = NotesUITests;
			productReference = A2E8E2D82769BFF3000CEDAF /* NotesUITests.xctest */;
			productType = "com.apple.product-type.bundle.ui-testing";
		};
/* End PBXNativeTarget section */

/* Begin PBXProject section */
		A2E8E2B02769BFF2000CEDAF /* Project object */ = {
			isa = PBXProject;
			attributes = {
				BuildIndependentTargetsInParallel = 1;
				LastSwiftUpdateCheck = 1310;
				LastUpgradeCheck = 1310;
				TargetAttributes = {
					A2E8E2B72769BFF2000CEDAF = {
						CreatedOnToolsVersion = 13.1;
					};
					A2E8E2CD2769BFF3000CEDAF = {
						CreatedOnToolsVersion = 13.1;
						TestTargetID = A2E8E2B72769BFF2000CEDAF;
					};
					A2E8E2D72769BFF3000CEDAF = {
						CreatedOnToolsVersion = 13.1;
						TestTargetID = A2E8E2B72769BFF2000CEDAF;
					};
				};
			};
			buildConfigurationList = A2E8E2B32769BFF2000CEDAF /* Build configuration list for PBXProject "Notes" */;
			compatibilityVersion = "Xcode 13.0";
			developmentRegion = en;
			hasScannedForEncodings = 0;
			knownRegions = (
				en,
				Base,
			);
			mainGroup = A2E8E2AF2769BFF2000CEDAF;
			productRefGroup = A2E8E2B92769BFF2000CEDAF /* Products */;
			projectDirPath = "";
			projectRoot = "";
			targets = (
				A2E8E2B72769BFF2000CEDAF /* Notes */,
				A2E8E2CD2769BFF3000CEDAF /* NotesTests */,
				A2E8E2D72769BFF3000CEDAF /* NotesUITests */,
			);
		};
/* End PBXProject section */

/* Begin PBXResourcesBuildPhase section */
		A2E8E2B62769BFF2000CEDAF /* Resources */ = {
			isa = PBXResourcesBuildPhase;
			buildActionMask = 2147483647;
			files = (
				A2E8E2C82769BFF3000CEDAF /* LaunchScreen.storyboard in Resources */,
				A2E8E2C52769BFF3000CEDAF /* Assets.xcassets in Resources */,
				A2E8E2C32769BFF2000CEDAF /* Main.storyboard in Resources */,
				A298CA3227732F6E007F3713 /* NoteTableViewCell.xib in Resources */,
				A2E8E2EC2769DB2C000CEDAF /* InputViewController.xib in Resources */,
			);
			runOnlyForDeploymentPostprocessing = 0;
		};
		A2E8E2CC2769BFF3000CEDAF /* Resources */ = {
			isa = PBXResourcesBuildPhase;
			buildActionMask = 2147483647;
			files = (
			);
			runOnlyForDeploymentPostprocessing = 0;
		};
		A2E8E2D62769BFF3000CEDAF /* Resources */ = {
			isa = PBXResourcesBuildPhase;
			buildActionMask = 2147483647;
			files = (
			);
			runOnlyForDeploymentPostprocessing = 0;
		};
/* End PBXResourcesBuildPhase section */

/* Begin PBXSourcesBuildPhase section */
		A2E8E2B42769BFF2000CEDAF /* Sources */ = {
			isa = PBXSourcesBuildPhase;
			buildActionMask = 2147483647;
			files = (
				A2E8E2BC2769BFF2000CEDAF /* AppDelegate.swift in Sources */,
				A2E8E2BE2769BFF2000CEDAF /* SceneDelegate.swift in Sources */,
				A23A10CF276CA6E6009D6177 /* customTableViewCell.swift in Sources */,
				A235AEA6278582DF00784A63 /* NoteItem.swift in Sources */,
				A27347ED276B4FC10043E794 /* HomeViewController.swift in Sources */,
				A298CA3127732F6E007F3713 /* NoteTableViewCell.swift in Sources */,
				A23A10D3276CAC04009D6177 /* NoteManager.swift in Sources */,
				A27347EF276B50580043E794 /* AddNoteViewController.swift in Sources */,
				A23A10CD276C9EE1009D6177 /* Note.swift in Sources */,
			);
			runOnlyForDeploymentPostprocessing = 0;
		};
		A2E8E2CA2769BFF3000CEDAF /* Sources */ = {
			isa = PBXSourcesBuildPhase;
			buildActionMask = 2147483647;
			files = (
				A2E8E2D32769BFF3000CEDAF /* NotesTests.swift in Sources */,
			);
			runOnlyForDeploymentPostprocessing = 0;
		};
		A2E8E2D42769BFF3000CEDAF /* Sources */ = {
			isa = PBXSourcesBuildPhase;
			buildActionMask = 2147483647;
			files = (
				A2E8E2DF2769BFF3000CEDAF /* NotesUITestsLaunchTests.swift in Sources */,
				A2E8E2DD2769BFF3000CEDAF /* NotesUITests.swift in Sources */,
			);
			runOnlyForDeploymentPostprocessing = 0;
		};
/* End PBXSourcesBuildPhase section */

/* Begin PBXTargetDependency section */
		A2E8E2D02769BFF3000CEDAF /* PBXTargetDependency */ = {
			isa = PBXTargetDependency;
			target = A2E8E2B72769BFF2000CEDAF /* Notes */;
			targetProxy = A2E8E2CF2769BFF3000CEDAF /* PBXContainerItemProxy */;
		};
		A2E8E2DA2769BFF3000CEDAF /* PBXTargetDependency */ = {
			isa = PBXTargetDependency;
			target = A2E8E2B72769BFF2000CEDAF /* Notes */;
			targetProxy = A2E8E2D92769BFF3000CEDAF /* PBXContainerItemProxy */;
		};
/* End PBXTargetDependency section */

/* Begin PBXVariantGroup section */
		A2E8E2C12769BFF2000CEDAF /* Main.storyboard */ = {
			isa = PBXVariantGroup;
			children = (
				A2E8E2C22769BFF2000CEDAF /* Base */,
			);
			name = Main.storyboard;
			sourceTree = "<group>";
		};
		A2E8E2C62769BFF3000CEDAF /* LaunchScreen.storyboard */ = {
			isa = PBXVariantGroup;
			children = (
				A2E8E2C72769BFF3000CEDAF /* Base */,
			);
			name = LaunchScreen.storyboard;
			sourceTree = "<group>";
		};
/* End PBXVariantGroup section */

/* Begin XCBuildConfiguration section */
		A2E8E2E02769BFF3000CEDAF /* Debug */ = {
			isa = XCBuildConfiguration;
			buildSettings = {
				ALWAYS_SEARCH_USER_PATHS = NO;
				CLANG_ANALYZER_NONNULL = YES;
				CLANG_ANALYZER_NUMBER_OBJECT_CONVERSION = YES_AGGRESSIVE;
				CLANG_CXX_LANGUAGE_STANDARD = "gnu++17";
				CLANG_CXX_LIBRARY = "libc++";
				CLANG_ENABLE_MODULES = YES;
				CLANG_ENABLE_OBJC_ARC = YES;
				CLANG_ENABLE_OBJC_WEAK = YES;
				CLANG_WARN_BLOCK_CAPTURE_AUTORELEASING = YES;
				CLANG_WARN_BOOL_CONVERSION = YES;
				CLANG_WARN_COMMA = YES;
				CLANG_WARN_CONSTANT_CONVERSION = YES;
				CLANG_WARN_DEPRECATED_OBJC_IMPLEMENTATIONS = YES;
				CLANG_WARN_DIRECT_OBJC_ISA_USAGE = YES_ERROR;
				CLANG_WARN_DOCUMENTATION_COMMENTS = YES;
				CLANG_WARN_EMPTY_BODY = YES;
				CLANG_WARN_ENUM_CONVERSION = YES;
				CLANG_WARN_INFINITE_RECURSION = YES;
				CLANG_WARN_INT_CONVERSION = YES;
				CLANG_WARN_NON_LITERAL_NULL_CONVERSION = YES;
				CLANG_WARN_OBJC_IMPLICIT_RETAIN_SELF = YES;
				CLANG_WARN_OBJC_LITERAL_CONVERSION = YES;
				CLANG_WARN_OBJC_ROOT_CLASS = YES_ERROR;
				CLANG_WARN_QUOTED_INCLUDE_IN_FRAMEWORK_HEADER = YES;
				CLANG_WARN_RANGE_LOOP_ANALYSIS = YES;
				CLANG_WARN_STRICT_PROTOTYPES = YES;
				CLANG_WARN_SUSPICIOUS_MOVE = YES;
				CLANG_WARN_UNGUARDED_AVAILABILITY = YES_AGGRESSIVE;
				CLANG_WARN_UNREACHABLE_CODE = YES;
				CLANG_WARN__DUPLICATE_METHOD_MATCH = YES;
				COPY_PHASE_STRIP = NO;
				DEBUG_INFORMATION_FORMAT = dwarf;
				ENABLE_STRICT_OBJC_MSGSEND = YES;
				ENABLE_TESTABILITY = YES;
				GCC_C_LANGUAGE_STANDARD = gnu11;
				GCC_DYNAMIC_NO_PIC = NO;
				GCC_NO_COMMON_BLOCKS = YES;
				GCC_OPTIMIZATION_LEVEL = 0;
				GCC_PREPROCESSOR_DEFINITIONS = (
					"DEBUG=1",
					"$(inherited)",
				);
				GCC_WARN_64_TO_32_BIT_CONVERSION = YES;
				GCC_WARN_ABOUT_RETURN_TYPE = YES_ERROR;
				GCC_WARN_UNDECLARED_SELECTOR = YES;
				GCC_WARN_UNINITIALIZED_AUTOS = YES_AGGRESSIVE;
				GCC_WARN_UNUSED_FUNCTION = YES;
				GCC_WARN_UNUSED_VARIABLE = YES;
				IPHONEOS_DEPLOYMENT_TARGET = 15.0;
				MTL_ENABLE_DEBUG_INFO = INCLUDE_SOURCE;
				MTL_FAST_MATH = YES;
				ONLY_ACTIVE_ARCH = YES;
				SDKROOT = iphoneos;
				SWIFT_ACTIVE_COMPILATION_CONDITIONS = DEBUG;
				SWIFT_OPTIMIZATION_LEVEL = "-Onone";
			};
			name = Debug;
		};
		A2E8E2E12769BFF3000CEDAF /* Release */ = {
			isa = XCBuildConfiguration;
			buildSettings = {
				ALWAYS_SEARCH_USER_PATHS = NO;
				CLANG_ANALYZER_NONNULL = YES;
				CLANG_ANALYZER_NUMBER_OBJECT_CONVERSION = YES_AGGRESSIVE;
				CLANG_CXX_LANGUAGE_STANDARD = "gnu++17";
				CLANG_CXX_LIBRARY = "libc++";
				CLANG_ENABLE_MODULES = YES;
				CLANG_ENABLE_OBJC_ARC = YES;
				CLANG_ENABLE_OBJC_WEAK = YES;
				CLANG_WARN_BLOCK_CAPTURE_AUTORELEASING = YES;
				CLANG_WARN_BOOL_CONVERSION = YES;
				CLANG_WARN_COMMA = YES;
				CLANG_WARN_CONSTANT_CONVERSION = YES;
				CLANG_WARN_DEPRECATED_OBJC_IMPLEMENTATIONS = YES;
				CLANG_WARN_DIRECT_OBJC_ISA_USAGE = YES_ERROR;
				CLANG_WARN_DOCUMENTATION_COMMENTS = YES;
				CLANG_WARN_EMPTY_BODY = YES;
				CLANG_WARN_ENUM_CONVERSION = YES;
				CLANG_WARN_INFINITE_RECURSION = YES;
				CLANG_WARN_INT_CONVERSION = YES;
				CLANG_WARN_NON_LITERAL_NULL_CONVERSION = YES;
				CLANG_WARN_OBJC_IMPLICIT_RETAIN_SELF = YES;
				CLANG_WARN_OBJC_LITERAL_CONVERSION = YES;
				CLANG_WARN_OBJC_ROOT_CLASS = YES_ERROR;
				CLANG_WARN_QUOTED_INCLUDE_IN_FRAMEWORK_HEADER = YES;
				CLANG_WARN_RANGE_LOOP_ANALYSIS = YES;
				CLANG_WARN_STRICT_PROTOTYPES = YES;
				CLANG_WARN_SUSPICIOUS_MOVE = YES;
				CLANG_WARN_UNGUARDED_AVAILABILITY = YES_AGGRESSIVE;
				CLANG_WARN_UNREACHABLE_CODE = YES;
				CLANG_WARN__DUPLICATE_METHOD_MATCH = YES;
				COPY_PHASE_STRIP = NO;
				DEBUG_INFORMATION_FORMAT = "dwarf-with-dsym";
				ENABLE_NS_ASSERTIONS = NO;
				ENABLE_STRICT_OBJC_MSGSEND = YES;
				GCC_C_LANGUAGE_STANDARD = gnu11;
				GCC_NO_COMMON_BLOCKS = YES;
				GCC_WARN_64_TO_32_BIT_CONVERSION = YES;
				GCC_WARN_ABOUT_RETURN_TYPE = YES_ERROR;
				GCC_WARN_UNDECLARED_SELECTOR = YES;
				GCC_WARN_UNINITIALIZED_AUTOS = YES_AGGRESSIVE;
				GCC_WARN_UNUSED_FUNCTION = YES;
				GCC_WARN_UNUSED_VARIABLE = YES;
				IPHONEOS_DEPLOYMENT_TARGET = 15.0;
				MTL_ENABLE_DEBUG_INFO = NO;
				MTL_FAST_MATH = YES;
				SDKROOT = iphoneos;
				SWIFT_COMPILATION_MODE = wholemodule;
				SWIFT_OPTIMIZATION_LEVEL = "-O";
				VALIDATE_PRODUCT = YES;
			};
			name = Release;
		};
		A2E8E2E32769BFF3000CEDAF /* Debug */ = {
			isa = XCBuildConfiguration;
			buildSettings = {
				ASSETCATALOG_COMPILER_APPICON_NAME = AppIcon;
				ASSETCATALOG_COMPILER_GLOBAL_ACCENT_COLOR_NAME = AccentColor;
				CODE_SIGN_STYLE = Automatic;
				CURRENT_PROJECT_VERSION = 1;
				GENERATE_INFOPLIST_FILE = YES;
				INFOPLIST_FILE = Notes/Info.plist;
				INFOPLIST_KEY_UIApplicationSupportsIndirectInputEvents = YES;
				INFOPLIST_KEY_UILaunchStoryboardName = LaunchScreen;
				INFOPLIST_KEY_UIMainStoryboardFile = Main;
				INFOPLIST_KEY_UISupportedInterfaceOrientations_iPad = "UIInterfaceOrientationPortrait UIInterfaceOrientationPortraitUpsideDown UIInterfaceOrientationLandscapeLeft UIInterfaceOrientationLandscapeRight";
				INFOPLIST_KEY_UISupportedInterfaceOrientations_iPhone = "UIInterfaceOrientationPortrait UIInterfaceOrientationLandscapeLeft UIInterfaceOrientationLandscapeRight";
				LD_RUNPATH_SEARCH_PATHS = (
					"$(inherited)",
					"@executable_path/Frameworks",
				);
				MARKETING_VERSION = 1.0;
				PRODUCT_BUNDLE_IDENTIFIER = gourav.k.Notes;
				PRODUCT_NAME = "$(TARGET_NAME)";
				SWIFT_EMIT_LOC_STRINGS = YES;
				SWIFT_VERSION = 5.0;
				TARGETED_DEVICE_FAMILY = "1,2";
			};
			name = Debug;
		};
		A2E8E2E42769BFF3000CEDAF /* Release */ = {
			isa = XCBuildConfiguration;
			buildSettings = {
				ASSETCATALOG_COMPILER_APPICON_NAME = AppIcon;
				ASSETCATALOG_COMPILER_GLOBAL_ACCENT_COLOR_NAME = AccentColor;
				CODE_SIGN_STYLE = Automatic;
				CURRENT_PROJECT_VERSION = 1;
				GENERATE_INFOPLIST_FILE = YES;
				INFOPLIST_FILE = Notes/Info.plist;
				INFOPLIST_KEY_UIApplicationSupportsIndirectInputEvents = YES;
				INFOPLIST_KEY_UILaunchStoryboardName = LaunchScreen;
				INFOPLIST_KEY_UIMainStoryboardFile = Main;
				INFOPLIST_KEY_UISupportedInterfaceOrientations_iPad = "UIInterfaceOrientationPortrait UIInterfaceOrientationPortraitUpsideDown UIInterfaceOrientationLandscapeLeft UIInterfaceOrientationLandscapeRight";
				INFOPLIST_KEY_UISupportedInterfaceOrientations_iPhone = "UIInterfaceOrientationPortrait UIInterfaceOrientationLandscapeLeft UIInterfaceOrientationLandscapeRight";
				LD_RUNPATH_SEARCH_PATHS = (
					"$(inherited)",
					"@executable_path/Frameworks",
				);
				MARKETING_VERSION = 1.0;
				PRODUCT_BUNDLE_IDENTIFIER = gourav.k.Notes;
				PRODUCT_NAME = "$(TARGET_NAME)";
				SWIFT_EMIT_LOC_STRINGS = YES;
				SWIFT_VERSION = 5.0;
				TARGETED_DEVICE_FAMILY = "1,2";
			};
			name = Release;
		};
		A2E8E2E62769BFF3000CEDAF /* Debug */ = {
			isa = XCBuildConfiguration;
			buildSettings = {
				ALWAYS_EMBED_SWIFT_STANDARD_LIBRARIES = YES;
				BUNDLE_LOADER = "$(TEST_HOST)";
				CODE_SIGN_STYLE = Automatic;
				CURRENT_PROJECT_VERSION = 1;
				GENERATE_INFOPLIST_FILE = YES;
				IPHONEOS_DEPLOYMENT_TARGET = 15.0;
				LD_RUNPATH_SEARCH_PATHS = (
					"$(inherited)",
					"@executable_path/Frameworks",
					"@loader_path/Frameworks",
				);
				MARKETING_VERSION = 1.0;
				PRODUCT_BUNDLE_IDENTIFIER = gourav.k.NotesTests;
				PRODUCT_NAME = "$(TARGET_NAME)";
				SWIFT_EMIT_LOC_STRINGS = NO;
				SWIFT_VERSION = 5.0;
				TARGETED_DEVICE_FAMILY = "1,2";
				TEST_HOST = "$(BUILT_PRODUCTS_DIR)/Notes.app/Notes";
			};
			name = Debug;
		};
		A2E8E2E72769BFF3000CEDAF /* Release */ = {
			isa = XCBuildConfiguration;
			buildSettings = {
				ALWAYS_EMBED_SWIFT_STANDARD_LIBRARIES = YES;
				BUNDLE_LOADER = "$(TEST_HOST)";
				CODE_SIGN_STYLE = Automatic;
				CURRENT_PROJECT_VERSION = 1;
				GENERATE_INFOPLIST_FILE = YES;
				IPHONEOS_DEPLOYMENT_TARGET = 15.0;
				LD_RUNPATH_SEARCH_PATHS = (
					"$(inherited)",
					"@executable_path/Frameworks",
					"@loader_path/Frameworks",
				);
				MARKETING_VERSION = 1.0;
				PRODUCT_BUNDLE_IDENTIFIER = gourav.k.NotesTests;
				PRODUCT_NAME = "$(TARGET_NAME)";
				SWIFT_EMIT_LOC_STRINGS = NO;
				SWIFT_VERSION = 5.0;
				TARGETED_DEVICE_FAMILY = "1,2";
				TEST_HOST = "$(BUILT_PRODUCTS_DIR)/Notes.app/Notes";
			};
			name = Release;
		};
		A2E8E2E92769BFF3000CEDAF /* Debug */ = {
			isa = XCBuildConfiguration;
			buildSettings = {
				ALWAYS_EMBED_SWIFT_STANDARD_LIBRARIES = YES;
				CODE_SIGN_STYLE = Automatic;
				CURRENT_PROJECT_VERSION = 1;
				GENERATE_INFOPLIST_FILE = YES;
				LD_RUNPATH_SEARCH_PATHS = (
					"$(inherited)",
					"@executable_path/Frameworks",
					"@loader_path/Frameworks",
				);
				MARKETING_VERSION = 1.0;
				PRODUCT_BUNDLE_IDENTIFIER = gourav.k.NotesUITests;
				PRODUCT_NAME = "$(TARGET_NAME)";
				SWIFT_EMIT_LOC_STRINGS = NO;
				SWIFT_VERSION = 5.0;
				TARGETED_DEVICE_FAMILY = "1,2";
				TEST_TARGET_NAME = Notes;
			};
			name = Debug;
		};
		A2E8E2EA2769BFF3000CEDAF /* Release */ = {
			isa = XCBuildConfiguration;
			buildSettings = {
				ALWAYS_EMBED_SWIFT_STANDARD_LIBRARIES = YES;
				CODE_SIGN_STYLE = Automatic;
				CURRENT_PROJECT_VERSION = 1;
				GENERATE_INFOPLIST_FILE = YES;
				LD_RUNPATH_SEARCH_PATHS = (
					"$(inherited)",
					"@executable_path/Frameworks",
					"@loader_path/Frameworks",
				);
				MARKETING_VERSION = 1.0;
				PRODUCT_BUNDLE_IDENTIFIER = gourav.k.NotesUITests;
				PRODUCT_NAME = "$(TARGET_NAME)";
				SWIFT_EMIT_LOC_STRINGS = NO;
				SWIFT_VERSION = 5.0;
				TARGETED_DEVICE_FAMILY = "1,2";
				TEST_TARGET_NAME = Notes;
			};
			name = Release;
		};
/* End XCBuildConfiguration section */

/* Begin XCConfigurationList section */
		A2E8E2B32769BFF2000CEDAF /* Build configuration list for PBXProject "Notes" */ = {
			isa = XCConfigurationList;
			buildConfigurations = (
				A2E8E2E02769BFF3000CEDAF /* Debug */,
				A2E8E2E12769BFF3000CEDAF /* Release */,
			);
			defaultConfigurationIsVisible = 0;
			defaultConfigurationName = Release;
		};
		A2E8E2E22769BFF3000CEDAF /* Build configuration list for PBXNativeTarget "Notes" */ = {
			isa = XCConfigurationList;
			buildConfigurations = (
				A2E8E2E32769BFF3000CEDAF /* Debug */,
				A2E8E2E42769BFF3000CEDAF /* Release */,
			);
			defaultConfigurationIsVisible = 0;
			defaultConfigurationName = Release;
		};
		A2E8E2E52769BFF3000CEDAF /* Build configuration list for PBXNativeTarget "NotesTests" */ = {
			isa = XCConfigurationList;
			buildConfigurations = (
				A2E8E2E62769BFF3000CEDAF /* Debug */,
				A2E8E2E72769BFF3000CEDAF /* Release */,
			);
			defaultConfigurationIsVisible = 0;
			defaultConfigurationName = Release;
		};
		A2E8E2E82769BFF3000CEDAF /* Build configuration list for PBXNativeTarget "NotesUITests" */ = {
			isa = XCConfigurationList;
			buildConfigurations = (
				A2E8E2E92769BFF3000CEDAF /* Debug */,
				A2E8E2EA2769BFF3000CEDAF /* Release */,
			);
			defaultConfigurationIsVisible = 0;
			defaultConfigurationName = Release;
		};
/* End XCConfigurationList section */
	};
	rootObject = A2E8E2B02769BFF2000CEDAF /* Project object */;
}
